
Microsoft Visual Studio Solution File, Format Version 12.00
# Visual Studio Version 17
VisualStudioVersion = 17.7.34031.279
MinimumVisualStudioVersion = 10.0.40219.1
Project("{2150E333-8FDC-42A3-9474-1A3956D46DE8}") = "Task0", "Task0", "{44CCC5CD-F059-4E09-929B-FBBB64726BE9}"
EndProject
Project("{FAE04EC0-301F-11D3-BF4B-00C04F79EFBC}") = "Tyuiu.KrutikovaVP.Sprint0.Task0.V0", "Tyuiu.KrutikovaVP.Sprint0.Task0.V0\Tyuiu.KrutikovaVP.Sprint0.Task0.V0.csproj", "{C3706E7C-39C1-451E-AC3A-3F8237D0EE2B}"
EndProject
Project("{2150E333-8FDC-42A3-9474-1A3956D46DE8}") = "Task1", "Task1", "{C085F73C-0E52-4FC8-BF18-F48C8B830392}"
EndProject
Project("{FAE04EC0-301F-11D3-BF4B-00C04F79EFBC}") = "Tyuiu.KrutikovaVP.Sprint0.Task1.V0", "Tyuiu.KrutikovaVP.Sprint0.Task1.V0\Tyuiu.KrutikovaVP.Sprint0.Task1.V0.csproj", "{17ECE2C3-2D54-4FBC-8A34-39552017BA2D}"
EndProject
Project("{2150E333-8FDC-42A3-9474-1A3956D46DE8}") = "Task2", "Task2", "{B52A6464-52CA-4C99-B9E0-EA08736D4DBC}"
EndProject
Project("{FAE04EC0-301F-11D3-BF4B-00C04F79EFBC}") = "Tyuiu.KrutikovaVP.Sprint0.Task2.V0", "Tyuiu.KrutikovaVP.Sprint0.Task2.V0\Tyuiu.KrutikovaVP.Sprint0.Task2.V0.csproj", "{4BE7A0F6-94FF-44AA-9162-08B2FAC63C40}"
EndProject
Project("{FAE04EC0-301F-11D3-BF4B-00C04F79EFBC}") = "Tyuiu.KrutikovaVP.Sprint0.Task2.V0.Lib", "Tyuiu.KrutikovaVP.Sprint0.Task2.V0.Lib\Tyuiu.KrutikovaVP.Sprint0.Task2.V0.Lib.csproj", "{DF4E5EAF-2D44-48C0-AC07-7DAFD6639FDC}"
EndProject
Project("{FAE04EC0-301F-11D3-BF4B-00C04F79EFBC}") = "Tyuiu.KrutikovaVP.Sprint0.Task2.V0.Test", "Tyuiu.KrutikovaVP.Sprint0.Task2.V0.Test\Tyuiu.KrutikovaVP.Sprint0.Task2.V0.Test.csproj", "{830B568A-5374-4F9D-A54D-C0D5ED81FB2F}"
EndProject
Project("{2150E333-8FDC-42A3-9474-1A3956D46DE8}") = "Task3", "Task3", "{DE85777B-37A5-4C3B-9E90-2A5C12A89395}"
EndProject
Project("{FAE04EC0-301F-11D3-BF4B-00C04F79EFBC}") = "Tyuiu.KrutikovaVP.Sprint0.Task3.V0", "Tyuiu.KrutikovaVP.Sprint0.Task3.V0\Tyuiu.KrutikovaVP.Sprint0.Task3.V0.csproj", "{7E72E83F-D998-4F76-BF43-CBF719958B36}"
EndProject
Project("{FAE04EC0-301F-11D3-BF4B-00C04F79EFBC}") = "Tyuiu.KrutikovaVP.Sprint0.Task3.V0.Lib", "Tyuiu.KrutikovaVP.Sprint0.Task3.V0.Lib\Tyuiu.KrutikovaVP.Sprint0.Task3.V0.Lib.csproj", "{3893164D-1BC4-442D-ABEA-450C641C82A5}"
EndProject
Project("{FAE04EC0-301F-11D3-BF4B-00C04F79EFBC}") = "Tyuiu.KrutikovaVP.Sprint0.Task3.V0.Test", "Tyuiu.KrutikovaVP.Sprint0.Task3.V0.Test\Tyuiu.KrutikovaVP.Sprint0.Task3.V0.Test.csproj", "{27018130-A71A-482F-BE79-1B6C5773C74D}"
EndProject
Project("{2150E333-8FDC-42A3-9474-1A3956D46DE8}") = "Task4", "Task4", "{4BF954AE-D12A-43D1-ACF5-C2E00625105C}"
EndProject
Project("{FAE04EC0-301F-11D3-BF4B-00C04F79EFBC}") = "Tyuiu.KrutikovaVP.Sprint0.Task4.V0", "Tyuiu.KrutikovaVP.Sprint0.Task4.V0\Tyuiu.KrutikovaVP.Sprint0.Task4.V0.csproj", "{AF03400C-17D0-4FCB-9649-0995A2D5AC13}"
EndProject
Project("{FAE04EC0-301F-11D3-BF4B-00C04F79EFBC}") = "Tyuiu.KrutikovaVP.Sprint0.Task4.V0.Lib", "Tyuiu.KrutikovaVP.Sprint0.Task4.V0.Lib\Tyuiu.KrutikovaVP.Sprint0.Task4.V0.Lib.csproj", "{B94EEE49-9483-4E12-9C0D-84B368E243F3}"
EndProject
Project("{FAE04EC0-301F-11D3-BF4B-00C04F79EFBC}") = "Tyuiu.KrutikovaVP.Sprint0.Task4.V0.Test", "Tyuiu.KrutikovaVP.Sprint0.Task4.V0.Test\Tyuiu.KrutikovaVP.Sprint0.Task4.V0.Test.csproj", "{D043BB1E-1D49-433A-8A3E-2B8CE614D38B}"
EndProject
Project("{2150E333-8FDC-42A3-9474-1A3956D46DE8}") = "Task5", "Task5", "{93FF7C93-5566-496B-99B1-E1B2C52594A5}"
EndProject
Project("{FAE04EC0-301F-11D3-BF4B-00C04F79EFBC}") = "Tyuiu.KrutikovaVP.Sprint0.Task5.V0", "Tyuiu.KrutikovaVP.Sprint0.Task5.V0\Tyuiu.KrutikovaVP.Sprint0.Task5.V0.csproj", "{FBFA0234-05FE-4708-BF84-6F69602A21B4}"
EndProject
Project("{FAE04EC0-301F-11D3-BF4B-00C04F79EFBC}") = "Tyuiu.KrutikovaVP.Sprint0.Task5.V0.Lib", "Tyuiu.KrutikovaVP.Sprint0.Task5.V0.Lib\Tyuiu.KrutikovaVP.Sprint0.Task5.V0.Lib.csproj", "{078BA9F8-1EE2-42FE-B4C4-62FDF679DDF9}"
EndProject
Project("{FAE04EC0-301F-11D3-BF4B-00C04F79EFBC}") = "Tyuiu.KrutikovaVP.Sprint0.Task5.V0.Test", "Tyuiu.KrutikovaVP.Sprint0.Task5.V0.Test\Tyuiu.KrutikovaVP.Sprint0.Task5.V0.Test.csproj", "{4EE6B2DD-6B14-498D-AC68-17EF985BDCFF}"
EndProject
Project("{2150E333-8FDC-42A3-9474-1A3956D46DE8}") = "Task6", "Task6", "{E556CB81-8BC8-439D-912A-11CF966DADC5}"
EndProject
Project("{FAE04EC0-301F-11D3-BF4B-00C04F79EFBC}") = "Tyuiu.KrutikovaVP.Sprint0.Task6.V0", "Tyuiu.KrutikovaVP.Sprint0.Task6.V0\Tyuiu.KrutikovaVP.Sprint0.Task6.V0.csproj", "{401C7754-0C30-4983-A39F-5E2253BD2636}"
EndProject
Project("{FAE04EC0-301F-11D3-BF4B-00C04F79EFBC}") = "Tyuiu.KrutikovaVP.Sprint0.Task6.V0.Lib", "Tyuiu.KrutikovaVP.Sprint0.Task6.V0.Lib\Tyuiu.KrutikovaVP.Sprint0.Task6.V0.Lib.csproj", "{367E8CE3-42E5-43A3-8B01-879436F7DB17}"
EndProject
Project("{FAE04EC0-301F-11D3-BF4B-00C04F79EFBC}") = "Tyuiu.KrutikovaVP.Sprint0.Task6.V0.Test", "Tyuiu.KrutikovaVP.Sprint0.Task6.V0.Test\Tyuiu.KrutikovaVP.Sprint0.Task6.V0.Test.csproj", "{BE21FC0D-768E-4A1D-B927-29EAE538F999}"
EndProject
Project("{2150E333-8FDC-42A3-9474-1A3956D46DE8}") = "Task7", "Task7", "{C5B68E47-AB92-4780-B408-B435F21C2166}"
EndProject
Project("{FAE04EC0-301F-11D3-BF4B-00C04F79EFBC}") = "Tyuiu.KrutikovaVP.Sprint0.Task7.V0", "Tyuiu.KrutikovaVP.Sprint0.Task7.V0\Tyuiu.KrutikovaVP.Sprint0.Task7.V0.csproj", "{2E9A80D0-2F5D-4963-9960-7A06A7A80C1A}"
EndProject
Project("{FAE04EC0-301F-11D3-BF4B-00C04F79EFBC}") = "Tyuiu.KrutikovaVP.Sprint0.Task7.V0.Lib", "Tyuiu.KrutikovaVP.Sprint0.Task7.V0.Lib\Tyuiu.KrutikovaVP.Sprint0.Task7.V0.Lib.csproj", "{559A9FC8-1B31-4EA4-A30D-851C0668129B}"
EndProject
Project("{FAE04EC0-301F-11D3-BF4B-00C04F79EFBC}") = "Tyuiu.KrutikovaVP.Sprint0.Task7.V0.Test", "Tyuiu.KrutikovaVP.Sprint0.Task7.V0.Test\Tyuiu.KrutikovaVP.Sprint0.Task7.V0.Test.csproj", "{D8B31C74-4B45-4EBC-84A9-F493B4285C31}"
EndProject
Global
	GlobalSection(SolutionConfigurationPlatforms) = preSolution
		Debug|Any CPU = Debug|Any CPU
		Release|Any CPU = Release|Any CPU
	EndGlobalSection
	GlobalSection(ProjectConfigurationPlatforms) = postSolution
		{C3706E7C-39C1-451E-AC3A-3F8237D0EE2B}.Debug|Any CPU.ActiveCfg = Debug|Any CPU
		{C3706E7C-39C1-451E-AC3A-3F8237D0EE2B}.Debug|Any CPU.Build.0 = Debug|Any CPU
		{C3706E7C-39C1-451E-AC3A-3F8237D0EE2B}.Release|Any CPU.ActiveCfg = Release|Any CPU
		{C3706E7C-39C1-451E-AC3A-3F8237D0EE2B}.Release|Any CPU.Build.0 = Release|Any CPU
		{17ECE2C3-2D54-4FBC-8A34-39552017BA2D}.Debug|Any CPU.ActiveCfg = Debug|Any CPU
		{17ECE2C3-2D54-4FBC-8A34-39552017BA2D}.Debug|Any CPU.Build.0 = Debug|Any CPU
		{17ECE2C3-2D54-4FBC-8A34-39552017BA2D}.Release|Any CPU.ActiveCfg = Release|Any CPU
		{17ECE2C3-2D54-4FBC-8A34-39552017BA2D}.Release|Any CPU.Build.0 = Release|Any CPU
		{4BE7A0F6-94FF-44AA-9162-08B2FAC63C40}.Debug|Any CPU.ActiveCfg = Debug|Any CPU
		{4BE7A0F6-94FF-44AA-9162-08B2FAC63C40}.Debug|Any CPU.Build.0 = Debug|Any CPU
		{4BE7A0F6-94FF-44AA-9162-08B2FAC63C40}.Release|Any CPU.ActiveCfg = Release|Any CPU
		{4BE7A0F6-94FF-44AA-9162-08B2FAC63C40}.Release|Any CPU.Build.0 = Release|Any CPU
		{DF4E5EAF-2D44-48C0-AC07-7DAFD6639FDC}.Debug|Any CPU.ActiveCfg = Debug|Any CPU
		{DF4E5EAF-2D44-48C0-AC07-7DAFD6639FDC}.Debug|Any CPU.Build.0 = Debug|Any CPU
		{DF4E5EAF-2D44-48C0-AC07-7DAFD6639FDC}.Release|Any CPU.ActiveCfg = Release|Any CPU
		{DF4E5EAF-2D44-48C0-AC07-7DAFD6639FDC}.Release|Any CPU.Build.0 = Release|Any CPU
		{830B568A-5374-4F9D-A54D-C0D5ED81FB2F}.Debug|Any CPU.ActiveCfg = Debug|Any CPU
		{830B568A-5374-4F9D-A54D-C0D5ED81FB2F}.Debug|Any CPU.Build.0 = Debug|Any CPU
		{830B568A-5374-4F9D-A54D-C0D5ED81FB2F}.Release|Any CPU.ActiveCfg = Release|Any CPU
		{830B568A-5374-4F9D-A54D-C0D5ED81FB2F}.Release|Any CPU.Build.0 = Release|Any CPU
		{7E72E83F-D998-4F76-BF43-CBF719958B36}.Debug|Any CPU.ActiveCfg = Debug|Any CPU
		{7E72E83F-D998-4F76-BF43-CBF719958B36}.Debug|Any CPU.Build.0 = Debug|Any CPU
		{7E72E83F-D998-4F76-BF43-CBF719958B36}.Release|Any CPU.ActiveCfg = Release|Any CPU
		{7E72E83F-D998-4F76-BF43-CBF719958B36}.Release|Any CPU.Build.0 = Release|Any CPU
		{3893164D-1BC4-442D-ABEA-450C641C82A5}.Debug|Any CPU.ActiveCfg = Debug|Any CPU
		{3893164D-1BC4-442D-ABEA-450C641C82A5}.Debug|Any CPU.Build.0 = Debug|Any CPU
		{3893164D-1BC4-442D-ABEA-450C641C82A5}.Release|Any CPU.ActiveCfg = Release|Any CPU
		{3893164D-1BC4-442D-ABEA-450C641C82A5}.Release|Any CPU.Build.0 = Release|Any CPU
		{27018130-A71A-482F-BE79-1B6C5773C74D}.Debug|Any CPU.ActiveCfg = Debug|Any CPU
		{27018130-A71A-482F-BE79-1B6C5773C74D}.Debug|Any CPU.Build.0 = Debug|Any CPU
		{27018130-A71A-482F-BE79-1B6C5773C74D}.Release|Any CPU.ActiveCfg = Release|Any CPU
		{27018130-A71A-482F-BE79-1B6C5773C74D}.Release|Any CPU.Build.0 = Release|Any CPU
		{AF03400C-17D0-4FCB-9649-0995A2D5AC13}.Debug|Any CPU.ActiveCfg = Debug|Any CPU
		{AF03400C-17D0-4FCB-9649-0995A2D5AC13}.Debug|Any CPU.Build.0 = Debug|Any CPU
		{AF03400C-17D0-4FCB-9649-0995A2D5AC13}.Release|Any CPU.ActiveCfg = Release|Any CPU
		{AF03400C-17D0-4FCB-9649-0995A2D5AC13}.Release|Any CPU.Build.0 = Release|Any CPU
		{B94EEE49-9483-4E12-9C0D-84B368E243F3}.Debug|Any CPU.ActiveCfg = Debug|Any CPU
		{B94EEE49-9483-4E12-9C0D-84B368E243F3}.Debug|Any CPU.Build.0 = Debug|Any CPU
		{B94EEE49-9483-4E12-9C0D-84B368E243F3}.Release|Any CPU.ActiveCfg = Release|Any CPU
		{B94EEE49-9483-4E12-9C0D-84B368E243F3}.Release|Any CPU.Build.0 = Release|Any CPU
		{D043BB1E-1D49-433A-8A3E-2B8CE614D38B}.Debug|Any CPU.ActiveCfg = Debug|Any CPU
		{D043BB1E-1D49-433A-8A3E-2B8CE614D38B}.Debug|Any CPU.Build.0 = Debug|Any CPU
		{D043BB1E-1D49-433A-8A3E-2B8CE614D38B}.Release|Any CPU.ActiveCfg = Release|Any CPU
		{D043BB1E-1D49-433A-8A3E-2B8CE614D38B}.Release|Any CPU.Build.0 = Release|Any CPU
		{FBFA0234-05FE-4708-BF84-6F69602A21B4}.Debug|Any CPU.ActiveCfg = Debug|Any CPU
		{FBFA0234-05FE-4708-BF84-6F69602A21B4}.Debug|Any CPU.Build.0 = Debug|Any CPU
		{FBFA0234-05FE-4708-BF84-6F69602A21B4}.Release|Any CPU.ActiveCfg = Release|Any CPU
		{FBFA0234-05FE-4708-BF84-6F69602A21B4}.Release|Any CPU.Build.0 = Release|Any CPU
		{078BA9F8-1EE2-42FE-B4C4-62FDF679DDF9}.Debug|Any CPU.ActiveCfg = Debug|Any CPU
		{078BA9F8-1EE2-42FE-B4C4-62FDF679DDF9}.Debug|Any CPU.Build.0 = Debug|Any CPU
		{078BA9F8-1EE2-42FE-B4C4-62FDF679DDF9}.Release|Any CPU.ActiveCfg = Release|Any CPU
		{078BA9F8-1EE2-42FE-B4C4-62FDF679DDF9}.Release|Any CPU.Build.0 = Release|Any CPU
		{4EE6B2DD-6B14-498D-AC68-17EF985BDCFF}.Debug|Any CPU.ActiveCfg = Debug|Any CPU
		{4EE6B2DD-6B14-498D-AC68-17EF985BDCFF}.Debug|Any CPU.Build.0 = Debug|Any CPU
		{4EE6B2DD-6B14-498D-AC68-17EF985BDCFF}.Release|Any CPU.ActiveCfg = Release|Any CPU
		{4EE6B2DD-6B14-498D-AC68-17EF985BDCFF}.Release|Any CPU.Build.0 = Release|Any CPU
		{401C7754-0C30-4983-A39F-5E2253BD2636}.Debug|Any CPU.ActiveCfg = Debug|Any CPU
		{401C7754-0C30-4983-A39F-5E2253BD2636}.Debug|Any CPU.Build.0 = Debug|Any CPU
		{401C7754-0C30-4983-A39F-5E2253BD2636}.Release|Any CPU.ActiveCfg = Release|Any CPU
		{401C7754-0C30-4983-A39F-5E2253BD2636}.Release|Any CPU.Build.0 = Release|Any CPU
		{367E8CE3-42E5-43A3-8B01-879436F7DB17}.Debug|Any CPU.ActiveCfg = Debug|Any CPU
		{367E8CE3-42E5-43A3-8B01-879436F7DB17}.Debug|Any CPU.Build.0 = Debug|Any CPU
		{367E8CE3-42E5-43A3-8B01-879436F7DB17}.Release|Any CPU.ActiveCfg = Release|Any CPU
		{367E8CE3-42E5-43A3-8B01-879436F7DB17}.Release|Any CPU.Build.0 = Release|Any CPU
		{BE21FC0D-768E-4A1D-B927-29EAE538F999}.Debug|Any CPU.ActiveCfg = Debug|Any CPU
		{BE21FC0D-768E-4A1D-B927-29EAE538F999}.Debug|Any CPU.Build.0 = Debug|Any CPU
		{BE21FC0D-768E-4A1D-B927-29EAE538F999}.Release|Any CPU.ActiveCfg = Release|Any CPU
		{BE21FC0D-768E-4A1D-B927-29EAE538F999}.Release|Any CPU.Build.0 = Release|Any CPU
		{2E9A80D0-2F5D-4963-9960-7A06A7A80C1A}.Debug|Any CPU.ActiveCfg = Debug|Any CPU
		{2E9A80D0-2F5D-4963-9960-7A06A7A80C1A}.Debug|Any CPU.Build.0 = Debug|Any CPU
		{2E9A80D0-2F5D-4963-9960-7A06A7A80C1A}.Release|Any CPU.ActiveCfg = Release|Any CPU
		{2E9A80D0-2F5D-4963-9960-7A06A7A80C1A}.Release|Any CPU.Build.0 = Release|Any CPU
		{559A9FC8-1B31-4EA4-A30D-851C0668129B}.Debug|Any CPU.ActiveCfg = Debug|Any CPU
		{559A9FC8-1B31-4EA4-A30D-851C0668129B}.Debug|Any CPU.Build.0 = Debug|Any CPU
		{559A9FC8-1B31-4EA4-A30D-851C0668129B}.Release|Any CPU.ActiveCfg = Release|Any CPU
		{559A9FC8-1B31-4EA4-A30D-851C0668129B}.Release|Any CPU.Build.0 = Release|Any CPU
		{D8B31C74-4B45-4EBC-84A9-F493B4285C31}.Debug|Any CPU.ActiveCfg = Debug|Any CPU
		{D8B31C74-4B45-4EBC-84A9-F493B4285C31}.Debug|Any CPU.Build.0 = Debug|Any CPU
		{D8B31C74-4B45-4EBC-84A9-F493B4285C31}.Release|Any CPU.ActiveCfg = Release|Any CPU
		{D8B31C74-4B45-4EBC-84A9-F493B4285C31}.Release|Any CPU.Build.0 = Release|Any CPU
	EndGlobalSection
	GlobalSection(SolutionProperties) = preSolution
		HideSolutionNode = FALSE
	EndGlobalSection
	GlobalSection(NestedProjects) = preSolution
		{C3706E7C-39C1-451E-AC3A-3F8237D0EE2B} = {44CCC5CD-F059-4E09-929B-FBBB64726BE9}
		{17ECE2C3-2D54-4FBC-8A34-39552017BA2D} = {C085F73C-0E52-4FC8-BF18-F48C8B830392}
		{4BE7A0F6-94FF-44AA-9162-08B2FAC63C40} = {B52A6464-52CA-4C99-B9E0-EA08736D4DBC}
		{DF4E5EAF-2D44-48C0-AC07-7DAFD6639FDC} = {B52A6464-52CA-4C99-B9E0-EA08736D4DBC}
		{830B568A-5374-4F9D-A54D-C0D5ED81FB2F} = {B52A6464-52CA-4C99-B9E0-EA08736D4DBC}
		{7E72E83F-D998-4F76-BF43-CBF719958B36} = {DE85777B-37A5-4C3B-9E90-2A5C12A89395}
		{3893164D-1BC4-442D-ABEA-450C641C82A5} = {DE85777B-37A5-4C3B-9E90-2A5C12A89395}
		{27018130-A71A-482F-BE79-1B6C5773C74D} = {DE85777B-37A5-4C3B-9E90-2A5C12A89395}
		{AF03400C-17D0-4FCB-9649-0995A2D5AC13} = {4BF954AE-D12A-43D1-ACF5-C2E00625105C}
		{B94EEE49-9483-4E12-9C0D-84B368E243F3} = {4BF954AE-D12A-43D1-ACF5-C2E00625105C}
		{D043BB1E-1D49-433A-8A3E-2B8CE614D38B} = {4BF954AE-D12A-43D1-ACF5-C2E00625105C}
		{FBFA0234-05FE-4708-BF84-6F69602A21B4} = {93FF7C93-5566-496B-99B1-E1B2C52594A5}
		{078BA9F8-1EE2-42FE-B4C4-62FDF679DDF9} = {93FF7C93-5566-496B-99B1-E1B2C52594A5}
		{4EE6B2DD-6B14-498D-AC68-17EF985BDCFF} = {93FF7C93-5566-496B-99B1-E1B2C52594A5}
		{E556CB81-8BC8-439D-912A-11CF966DADC5} = {93FF7C93-5566-496B-99B1-E1B2C52594A5}
		{401C7754-0C30-4983-A39F-5E2253BD2636} = {E556CB81-8BC8-439D-912A-11CF966DADC5}
		{367E8CE3-42E5-43A3-8B01-879436F7DB17} = {E556CB81-8BC8-439D-912A-11CF966DADC5}
		{BE21FC0D-768E-4A1D-B927-29EAE538F999} = {E556CB81-8BC8-439D-912A-11CF966DADC5}
		{2E9A80D0-2F5D-4963-9960-7A06A7A80C1A} = {C5B68E47-AB92-4780-B408-B435F21C2166}
		{559A9FC8-1B31-4EA4-A30D-851C0668129B} = {C5B68E47-AB92-4780-B408-B435F21C2166}
		{D8B31C74-4B45-4EBC-84A9-F493B4285C31} = {C5B68E47-AB92-4780-B408-B435F21C2166}
	EndGlobalSection
	GlobalSection(ExtensibilityGlobals) = postSolution
		SolutionGuid = {CB9F8B3E-48FB-478F-B483-05882D5DFD94}
	EndGlobalSection
EndGlobal
