
Microsoft Visual Studio Solution File, Format Version 12.00
# Visual Studio Version 17
VisualStudioVersion = 17.7.34031.279
MinimumVisualStudioVersion = 10.0.40219.1
Project("{2150E333-8FDC-42A3-9474-1A3956D46DE8}") = "Task0", "Task0", "{44CCC5CD-F059-4E09-929B-FBBB64726BE9}"
EndProject
Project("{FAE04EC0-301F-11D3-BF4B-00C04F79EFBC}") = "Tyuiu.KrutikovaVP.Sprint0.Task0.V0", "Tyuiu.KrutikovaVP.Sprint0.Task0.V0\Tyuiu.KrutikovaVP.Sprint0.Task0.V0.csproj", "{C3706E7C-39C1-451E-AC3A-3F8237D0EE2B}"
EndProject
Global
	GlobalSection(SolutionConfigurationPlatforms) = preSolution
		Debug|Any CPU = Debug|Any CPU
		Release|Any CPU = Release|Any CPU
	EndGlobalSection
	GlobalSection(ProjectConfigurationPlatforms) = postSolution
		{C3706E7C-39C1-451E-AC3A-3F8237D0EE2B}.Debug|Any CPU.ActiveCfg = Debug|Any CPU
		{C3706E7C-39C1-451E-AC3A-3F8237D0EE2B}.Debug|Any CPU.Build.0 = Debug|Any CPU
		{C3706E7C-39C1-451E-AC3A-3F8237D0EE2B}.Release|Any CPU.ActiveCfg = Release|Any CPU
		{C3706E7C-39C1-451E-AC3A-3F8237D0EE2B}.Release|Any CPU.Build.0 = Release|Any CPU
	EndGlobalSection
	GlobalSection(SolutionProperties) = preSolution
		HideSolutionNode = FALSE
	EndGlobalSection
	GlobalSection(NestedProjects) = preSolution
		{C3706E7C-39C1-451E-AC3A-3F8237D0EE2B} = {44CCC5CD-F059-4E09-929B-FBBB64726BE9}
	EndGlobalSection
	GlobalSection(ExtensibilityGlobals) = postSolution
		SolutionGuid = {CB9F8B3E-48FB-478F-B483-05882D5DFD94}
	EndGlobalSection
EndGlobal
